
Microsoft Visual Studio Solution File, Format Version 12.00
# Visual Studio 14
VisualStudioVersion = 14.0.25420.1
MinimumVisualStudioVersion = 10.0.40219.1
Project("{FAE04EC0-301F-11D3-BF4B-00C04F79EFBC}") = "Web.UI", "Web.UI\Web.UI.csproj", "{035E64C7-3873-48C7-A60D-9634413E5741}"
EndProject
Project("{FAE04EC0-301F-11D3-BF4B-00C04F79EFBC}") = "Web.ORM", "Web.ORM\Web.ORM.csproj", "{32BAE62F-B5FB-43C3-9307-9D689478AD0C}"
EndProject
Project("{FAE04EC0-301F-11D3-BF4B-00C04F79EFBC}") = "Web.Entity", "Web.Entity\Web.Entity.csproj", "{7032001C-DBA0-4575-B705-20F82646BFBD}"
EndProject
Global
	GlobalSection(SolutionConfigurationPlatforms) = preSolution
		Debug|Any CPU = Debug|Any CPU
		Release|Any CPU = Release|Any CPU
	EndGlobalSection
	GlobalSection(ProjectConfigurationPlatforms) = postSolution
		{035E64C7-3873-48C7-A60D-9634413E5741}.Debug|Any CPU.ActiveCfg = Debug|Any CPU
		{035E64C7-3873-48C7-A60D-9634413E5741}.Debug|Any CPU.Build.0 = Debug|Any CPU
		{035E64C7-3873-48C7-A60D-9634413E5741}.Release|Any CPU.ActiveCfg = Release|Any CPU
		{035E64C7-3873-48C7-A60D-9634413E5741}.Release|Any CPU.Build.0 = Release|Any CPU
		{32BAE62F-B5FB-43C3-9307-9D689478AD0C}.Debug|Any CPU.ActiveCfg = Debug|Any CPU
		{32BAE62F-B5FB-43C3-9307-9D689478AD0C}.Debug|Any CPU.Build.0 = Debug|Any CPU
		{32BAE62F-B5FB-43C3-9307-9D689478AD0C}.Release|Any CPU.ActiveCfg = Release|Any CPU
		{32BAE62F-B5FB-43C3-9307-9D689478AD0C}.Release|Any CPU.Build.0 = Release|Any CPU
		{7032001C-DBA0-4575-B705-20F82646BFBD}.Debug|Any CPU.ActiveCfg = Debug|Any CPU
		{7032001C-DBA0-4575-B705-20F82646BFBD}.Debug|Any CPU.Build.0 = Debug|Any CPU
		{7032001C-DBA0-4575-B705-20F82646BFBD}.Release|Any CPU.ActiveCfg = Release|Any CPU
		{7032001C-DBA0-4575-B705-20F82646BFBD}.Release|Any CPU.Build.0 = Release|Any CPU
	EndGlobalSection
	GlobalSection(SolutionProperties) = preSolution
		HideSolutionNode = FALSE
	EndGlobalSection
EndGlobal
